
Microsoft Visual Studio Solution File, Format Version 12.00
# Visual Studio Version 17
VisualStudioVersion = 17.8.34511.84
MinimumVisualStudioVersion = 10.0.40219.1
Project("{FAE04EC0-301F-11D3-BF4B-00C04F79EFBC}") = "CarListApp.Maui", "CarListApp.Maui.csproj", "{08C22262-2AE3-4FE5-84E6-3B19CE91D710}"
EndProject
Global
	GlobalSection(SolutionConfigurationPlatforms) = preSolution
		Debug|Any CPU = Debug|Any CPU
		Release|Any CPU = Release|Any CPU
	EndGlobalSection
	GlobalSection(ProjectConfigurationPlatforms) = postSolution
		{08C22262-2AE3-4FE5-84E6-3B19CE91D710}.Debug|Any CPU.ActiveCfg = Debug|Any CPU
		{08C22262-2AE3-4FE5-84E6-3B19CE91D710}.Debug|Any CPU.Build.0 = Debug|Any CPU
		{08C22262-2AE3-4FE5-84E6-3B19CE91D710}.Debug|Any CPU.Deploy.0 = Debug|Any CPU
		{08C22262-2AE3-4FE5-84E6-3B19CE91D710}.Release|Any CPU.ActiveCfg = Release|Any CPU
		{08C22262-2AE3-4FE5-84E6-3B19CE91D710}.Release|Any CPU.Build.0 = Release|Any CPU
		{08C22262-2AE3-4FE5-84E6-3B19CE91D710}.Release|Any CPU.Deploy.0 = Release|Any CPU
	EndGlobalSection
	GlobalSection(SolutionProperties) = preSolution
		HideSolutionNode = FALSE
	EndGlobalSection
	GlobalSection(ExtensibilityGlobals) = postSolution
		SolutionGuid = {CEAA2938-3267-4C97-9B47-1F48D3D62544}
	EndGlobalSection
EndGlobal
